
Microsoft Visual Studio Solution File, Format Version 12.00
# Visual Studio Version 17
VisualStudioVersion = 17.4.33213.308
MinimumVisualStudioVersion = 10.0.40219.1
Project("{FAE04EC0-301F-11D3-BF4B-00C04F79EFBC}") = "Coupon Numbers", "Coupon Numbers\Coupon Numbers.csproj", "{DCA4CC48-9D1D-4DAD-AADA-B2AFC9FB61CB}"
EndProject
Global
	GlobalSection(SolutionConfigurationPlatforms) = preSolution
		Debug|Any CPU = Debug|Any CPU
		Release|Any CPU = Release|Any CPU
	EndGlobalSection
	GlobalSection(ProjectConfigurationPlatforms) = postSolution
		{DCA4CC48-9D1D-4DAD-AADA-B2AFC9FB61CB}.Debug|Any CPU.ActiveCfg = Debug|Any CPU
		{DCA4CC48-9D1D-4DAD-AADA-B2AFC9FB61CB}.Debug|Any CPU.Build.0 = Debug|Any CPU
		{DCA4CC48-9D1D-4DAD-AADA-B2AFC9FB61CB}.Release|Any CPU.ActiveCfg = Release|Any CPU
		{DCA4CC48-9D1D-4DAD-AADA-B2AFC9FB61CB}.Release|Any CPU.Build.0 = Release|Any CPU
	EndGlobalSection
	GlobalSection(SolutionProperties) = preSolution
		HideSolutionNode = FALSE
	EndGlobalSection
	GlobalSection(ExtensibilityGlobals) = postSolution
		SolutionGuid = {527209E6-F7EF-4D44-BEB2-404A41393263}
	EndGlobalSection
EndGlobal
